// !$*UTF8*$!
{
	archiveVersion = 1;
	classes = {
	};
	objectVersion = 50;
	objects = {

/* Begin PBXBuildFile section */
		9CEEB7CF25D4D21E00114871 /* AppDelegate.swift in Sources */ = {isa = PBXBuildFile; fileRef = 9CEEB7CE25D4D21E00114871 /* AppDelegate.swift */; };
		9CEEB7D125D4D21E00114871 /* SceneDelegate.swift in Sources */ = {isa = PBXBuildFile; fileRef = 9CEEB7D025D4D21E00114871 /* SceneDelegate.swift */; };
		9CEEB7D325D4D21E00114871 /* ViewController.swift in Sources */ = {isa = PBXBuildFile; fileRef = 9CEEB7D225D4D21E00114871 /* ViewController.swift */; };
		9CEEB7D625D4D21E00114871 /* Main.storyboard in Resources */ = {isa = PBXBuildFile; fileRef = 9CEEB7D425D4D21E00114871 /* Main.storyboard */; };
		9CEEB7D825D4D22000114871 /* Assets.xcassets in Resources */ = {isa = PBXBuildFile; fileRef = 9CEEB7D725D4D22000114871 /* Assets.xcassets */; };
		9CEEB7DB25D4D22000114871 /* LaunchScreen.storyboard in Resources */ = {isa = PBXBuildFile; fileRef = 9CEEB7D925D4D22000114871 /* LaunchScreen.storyboard */; };
		9CEEB7E625D4D22000114871 /* insTests.swift in Sources */ = {isa = PBXBuildFile; fileRef = 9CEEB7E525D4D22000114871 /* insTests.swift */; };
		9CEEB7F125D4D22000114871 /* insUITests.swift in Sources */ = {isa = PBXBuildFile; fileRef = 9CEEB7F025D4D22000114871 /* insUITests.swift */; };
/* End PBXBuildFile section */

/* Begin PBXContainerItemProxy section */
		9CEEB7E225D4D22000114871 /* PBXContainerItemProxy */ = {
			isa = PBXContainerItemProxy;
			containerPortal = 9CEEB7C325D4D21E00114871 /* Project object */;
			proxyType = 1;
			remoteGlobalIDString = 9CEEB7CA25D4D21E00114871;
			remoteInfo = ins;
		};
		9CEEB7ED25D4D22000114871 /* PBXContainerItemProxy */ = {
			isa = PBXContainerItemProxy;
			containerPortal = 9CEEB7C325D4D21E00114871 /* Project object */;
			proxyType = 1;
			remoteGlobalIDString = 9CEEB7CA25D4D21E00114871;
			remoteInfo = ins;
		};
/* End PBXContainerItemProxy section */

/* Begin PBXFileReference section */
		9CEEB7CB25D4D21E00114871 /* ins.app */ = {isa = PBXFileReference; explicitFileType = wrapper.application; includeInIndex = 0; path = ins.app; sourceTree = BUILT_PRODUCTS_DIR; };
		9CEEB7CE25D4D21E00114871 /* AppDelegate.swift */ = {isa = PBXFileReference; lastKnownFileType = sourcecode.swift; path = AppDelegate.swift; sourceTree = "<group>"; };
		9CEEB7D025D4D21E00114871 /* SceneDelegate.swift */ = {isa = PBXFileReference; lastKnownFileType = sourcecode.swift; path = SceneDelegate.swift; sourceTree = "<group>"; };
		9CEEB7D225D4D21E00114871 /* ViewController.swift */ = {isa = PBXFileReference; lastKnownFileType = sourcecode.swift; path = ViewController.swift; sourceTree = "<group>"; };
		9CEEB7D525D4D21E00114871 /* Base */ = {isa = PBXFileReference; lastKnownFileType = file.storyboard; name = Base; path = Base.lproj/Main.storyboard; sourceTree = "<group>"; };
		9CEEB7D725D4D22000114871 /* Assets.xcassets */ = {isa = PBXFileReference; lastKnownFileType = folder.assetcatalog; path = Assets.xcassets; sourceTree = "<group>"; };
		9CEEB7DA25D4D22000114871 /* Base */ = {isa = PBXFileReference; lastKnownFileType = file.storyboard; name = Base; path = Base.lproj/LaunchScreen.storyboard; sourceTree = "<group>"; };
		9CEEB7DC25D4D22000114871 /* Info.plist */ = {isa = PBXFileReference; lastKnownFileType = text.plist.xml; path = Info.plist; sourceTree = "<group>"; };
		9CEEB7E125D4D22000114871 /* insTests.xctest */ = {isa = PBXFileReference; explicitFileType = wrapper.cfbundle; includeInIndex = 0; path = insTests.xctest; sourceTree = BUILT_PRODUCTS_DIR; };
		9CEEB7E525D4D22000114871 /* insTests.swift */ = {isa = PBXFileReference; lastKnownFileType = sourcecode.swift; path = insTests.swift; sourceTree = "<group>"; };
		9CEEB7E725D4D22000114871 /* Info.plist */ = {isa = PBXFileReference; lastKnownFileType = text.plist.xml; path = Info.plist; sourceTree = "<group>"; };
		9CEEB7EC25D4D22000114871 /* insUITests.xctest */ = {isa = PBXFileReference; explicitFileType = wrapper.cfbundle; includeInIndex = 0; path = insUITests.xctest; sourceTree = BUILT_PRODUCTS_DIR; };
		9CEEB7F025D4D22000114871 /* insUITests.swift */ = {isa = PBXFileReference; lastKnownFileType = sourcecode.swift; path = insUITests.swift; sourceTree = "<group>"; };
		9CEEB7F225D4D22000114871 /* Info.plist */ = {isa = PBXFileReference; lastKnownFileType = text.plist.xml; path = Info.plist; sourceTree = "<group>"; };
/* End PBXFileReference section */

/* Begin PBXFrameworksBuildPhase section */
		9CEEB7C825D4D21E00114871 /* Frameworks */ = {
			isa = PBXFrameworksBuildPhase;
			buildActionMask = 2147483647;
			files = (
			);
			runOnlyForDeploymentPostprocessing = 0;
		};
		9CEEB7DE25D4D22000114871 /* Frameworks */ = {
			isa = PBXFrameworksBuildPhase;
			buildActionMask = 2147483647;
			files = (
			);
			runOnlyForDeploymentPostprocessing = 0;
		};
		9CEEB7E925D4D22000114871 /* Frameworks */ = {
			isa = PBXFrameworksBuildPhase;
			buildActionMask = 2147483647;
			files = (
			);
			runOnlyForDeploymentPostprocessing = 0;
		};
/* End PBXFrameworksBuildPhase section */

/* Begin PBXGroup section */
		9CEEB7C225D4D21E00114871 = {
			isa = PBXGroup;
			children = (
				9CEEB7CD25D4D21E00114871 /* ins */,
				9CEEB7E425D4D22000114871 /* insTests */,
				9CEEB7EF25D4D22000114871 /* insUITests */,
				9CEEB7CC25D4D21E00114871 /* Products */,
			);
			sourceTree = "<group>";
		};
		9CEEB7CC25D4D21E00114871 /* Products */ = {
			isa = PBXGroup;
			children = (
				9CEEB7CB25D4D21E00114871 /* ins.app */,
				9CEEB7E125D4D22000114871 /* insTests.xctest */,
				9CEEB7EC25D4D22000114871 /* insUITests.xctest */,
			);
			name = Products;
			sourceTree = "<group>";
		};
		9CEEB7CD25D4D21E00114871 /* ins */ = {
			isa = PBXGroup;
			children = (
				9CEEB7CE25D4D21E00114871 /* AppDelegate.swift */,
				9CEEB7D025D4D21E00114871 /* SceneDelegate.swift */,
				9CEEB7D225D4D21E00114871 /* ViewController.swift */,
				9CEEB7D425D4D21E00114871 /* Main.storyboard */,
				9CEEB7D725D4D22000114871 /* Assets.xcassets */,
				9CEEB7D925D4D22000114871 /* LaunchScreen.storyboard */,
				9CEEB7DC25D4D22000114871 /* Info.plist */,
			);
			path = ins;
			sourceTree = "<group>";
		};
		9CEEB7E425D4D22000114871 /* insTests */ = {
			isa = PBXGroup;
			children = (
				9CEEB7E525D4D22000114871 /* insTests.swift */,
				9CEEB7E725D4D22000114871 /* Info.plist */,
			);
			path = insTests;
			sourceTree = "<group>";
		};
		9CEEB7EF25D4D22000114871 /* insUITests */ = {
			isa = PBXGroup;
			children = (
				9CEEB7F025D4D22000114871 /* insUITests.swift */,
				9CEEB7F225D4D22000114871 /* Info.plist */,
			);
			path = insUITests;
			sourceTree = "<group>";
		};
/* End PBXGroup section */

/* Begin PBXNativeTarget section */
		9CEEB7CA25D4D21E00114871 /* ins */ = {
			isa = PBXNativeTarget;
			buildConfigurationList = 9CEEB7F525D4D22000114871 /* Build configuration list for PBXNativeTarget "ins" */;
			buildPhases = (
				9CEEB7C725D4D21E00114871 /* Sources */,
				9CEEB7C825D4D21E00114871 /* Frameworks */,
				9CEEB7C925D4D21E00114871 /* Resources */,
			);
			buildRules = (
			);
			dependencies = (
			);
			name = ins;
			productName = ins;
			productReference = 9CEEB7CB25D4D21E00114871 /* ins.app */;
			productType = "com.apple.product-type.application";
		};
		9CEEB7E025D4D22000114871 /* insTests */ = {
			isa = PBXNativeTarget;
			buildConfigurationList = 9CEEB7F825D4D22000114871 /* Build configuration list for PBXNativeTarget "insTests" */;
			buildPhases = (
				9CEEB7DD25D4D22000114871 /* Sources */,
				9CEEB7DE25D4D22000114871 /* Frameworks */,
				9CEEB7DF25D4D22000114871 /* Resources */,
			);
			buildRules = (
			);
			dependencies = (
				9CEEB7E325D4D22000114871 /* PBXTargetDependency */,
			);
			name = insTests;
			productName = insTests;
			productReference = 9CEEB7E125D4D22000114871 /* insTests.xctest */;
			productType = "com.apple.product-type.bundle.unit-test";
		};
		9CEEB7EB25D4D22000114871 /* insUITests */ = {
			isa = PBXNativeTarget;
			buildConfigurationList = 9CEEB7FB25D4D22000114871 /* Build configuration list for PBXNativeTarget "insUITests" */;
			buildPhases = (
				9CEEB7E825D4D22000114871 /* Sources */,
				9CEEB7E925D4D22000114871 /* Frameworks */,
				9CEEB7EA25D4D22000114871 /* Resources */,
			);
			buildRules = (
			);
			dependencies = (
				9CEEB7EE25D4D22000114871 /* PBXTargetDependency */,
			);
			name = insUITests;
			productName = insUITests;
			productReference = 9CEEB7EC25D4D22000114871 /* insUITests.xctest */;
			productType = "com.apple.product-type.bundle.ui-testing";
		};
/* End PBXNativeTarget section */

/* Begin PBXProject section */
		9CEEB7C325D4D21E00114871 /* Project object */ = {
			isa = PBXProject;
			attributes = {
				LastSwiftUpdateCheck = 1230;
				LastUpgradeCheck = 1230;
				TargetAttributes = {
					9CEEB7CA25D4D21E00114871 = {
						CreatedOnToolsVersion = 12.3;
					};
					9CEEB7E025D4D22000114871 = {
						CreatedOnToolsVersion = 12.3;
						TestTargetID = 9CEEB7CA25D4D21E00114871;
					};
					9CEEB7EB25D4D22000114871 = {
						CreatedOnToolsVersion = 12.3;
						TestTargetID = 9CEEB7CA25D4D21E00114871;
					};
				};
			};
			buildConfigurationList = 9CEEB7C625D4D21E00114871 /* Build configuration list for PBXProject "ins" */;
			compatibilityVersion = "Xcode 9.3";
			developmentRegion = en;
			hasScannedForEncodings = 0;
			knownRegions = (
				en,
				Base,
			);
			mainGroup = 9CEEB7C225D4D21E00114871;
			productRefGroup = 9CEEB7CC25D4D21E00114871 /* Products */;
			projectDirPath = "";
			projectRoot = "";
			targets = (
				9CEEB7CA25D4D21E00114871 /* ins */,
				9CEEB7E025D4D22000114871 /* insTests */,
				9CEEB7EB25D4D22000114871 /* insUITests */,
			);
		};
/* End PBXProject section */

/* Begin PBXResourcesBuildPhase section */
		9CEEB7C925D4D21E00114871 /* Resources */ = {
			isa = PBXResourcesBuildPhase;
			buildActionMask = 2147483647;
			files = (
				9CEEB7DB25D4D22000114871 /* LaunchScreen.storyboard in Resources */,
				9CEEB7D825D4D22000114871 /* Assets.xcassets in Resources */,
				9CEEB7D625D4D21E00114871 /* Main.storyboard in Resources */,
			);
			runOnlyForDeploymentPostprocessing = 0;
		};
		9CEEB7DF25D4D22000114871 /* Resources */ = {
			isa = PBXResourcesBuildPhase;
			buildActionMask = 2147483647;
			files = (
			);
			runOnlyForDeploymentPostprocessing = 0;
		};
		9CEEB7EA25D4D22000114871 /* Resources */ = {
			isa = PBXResourcesBuildPhase;
			buildActionMask = 2147483647;
			files = (
			);
			runOnlyForDeploymentPostprocessing = 0;
		};
/* End PBXResourcesBuildPhase section */

/* Begin PBXSourcesBuildPhase section */
		9CEEB7C725D4D21E00114871 /* Sources */ = {
			isa = PBXSourcesBuildPhase;
			buildActionMask = 2147483647;
			files = (
				9CEEB7D325D4D21E00114871 /* ViewController.swift in Sources */,
				9CEEB7CF25D4D21E00114871 /* AppDelegate.swift in Sources */,
				9CEEB7D125D4D21E00114871 /* SceneDelegate.swift in Sources */,
			);
			runOnlyForDeploymentPostprocessing = 0;
		};
		9CEEB7DD25D4D22000114871 /* Sources */ = {
			isa = PBXSourcesBuildPhase;
			buildActionMask = 2147483647;
			files = (
				9CEEB7E625D4D22000114871 /* insTests.swift in Sources */,
			);
			runOnlyForDeploymentPostprocessing = 0;
		};
		9CEEB7E825D4D22000114871 /* Sources */ = {
			isa = PBXSourcesBuildPhase;
			buildActionMask = 2147483647;
			files = (
				9CEEB7F125D4D22000114871 /* insUITests.swift in Sources */,
			);
			runOnlyForDeploymentPostprocessing = 0;
		};
/* End PBXSourcesBuildPhase section */

/* Begin PBXTargetDependency section */
		9CEEB7E325D4D22000114871 /* PBXTargetDependency */ = {
			isa = PBXTargetDependency;
			target = 9CEEB7CA25D4D21E00114871 /* ins */;
			targetProxy = 9CEEB7E225D4D22000114871 /* PBXContainerItemProxy */;
		};
		9CEEB7EE25D4D22000114871 /* PBXTargetDependency */ = {
			isa = PBXTargetDependency;
			target = 9CEEB7CA25D4D21E00114871 /* ins */;
			targetProxy = 9CEEB7ED25D4D22000114871 /* PBXContainerItemProxy */;
		};
/* End PBXTargetDependency section */

/* Begin PBXVariantGroup section */
		9CEEB7D425D4D21E00114871 /* Main.storyboard */ = {
			isa = PBXVariantGroup;
			children = (
				9CEEB7D525D4D21E00114871 /* Base */,
			);
			name = Main.storyboard;
			sourceTree = "<group>";
		};
		9CEEB7D925D4D22000114871 /* LaunchScreen.storyboard */ = {
			isa = PBXVariantGroup;
			children = (
				9CEEB7DA25D4D22000114871 /* Base */,
			);
			name = LaunchScreen.storyboard;
			sourceTree = "<group>";
		};
/* End PBXVariantGroup section */

/* Begin XCBuildConfiguration section */
		9CEEB7F325D4D22000114871 /* Debug */ = {
			isa = XCBuildConfiguration;
			buildSettings = {
				ALWAYS_SEARCH_USER_PATHS = NO;
				CLANG_ANALYZER_NONNULL = YES;
				CLANG_ANALYZER_NUMBER_OBJECT_CONVERSION = YES_AGGRESSIVE;
				CLANG_CXX_LANGUAGE_STANDARD = "gnu++14";
				CLANG_CXX_LIBRARY = "libc++";
				CLANG_ENABLE_MODULES = YES;
				CLANG_ENABLE_OBJC_ARC = YES;
				CLANG_ENABLE_OBJC_WEAK = YES;
				CLANG_WARN_BLOCK_CAPTURE_AUTORELEASING = YES;
				CLANG_WARN_BOOL_CONVERSION = YES;
				CLANG_WARN_COMMA = YES;
				CLANG_WARN_CONSTANT_CONVERSION = YES;
				CLANG_WARN_DEPRECATED_OBJC_IMPLEMENTATIONS = YES;
				CLANG_WARN_DIRECT_OBJC_ISA_USAGE = YES_ERROR;
				CLANG_WARN_DOCUMENTATION_COMMENTS = YES;
				CLANG_WARN_EMPTY_BODY = YES;
				CLANG_WARN_ENUM_CONVERSION = YES;
				CLANG_WARN_INFINITE_RECURSION = YES;
				CLANG_WARN_INT_CONVERSION = YES;
				CLANG_WARN_NON_LITERAL_NULL_CONVERSION = YES;
				CLANG_WARN_OBJC_IMPLICIT_RETAIN_SELF = YES;
				CLANG_WARN_OBJC_LITERAL_CONVERSION = YES;
				CLANG_WARN_OBJC_ROOT_CLASS = YES_ERROR;
				CLANG_WARN_QUOTED_INCLUDE_IN_FRAMEWORK_HEADER = YES;
				CLANG_WARN_RANGE_LOOP_ANALYSIS = YES;
				CLANG_WARN_STRICT_PROTOTYPES = YES;
				CLANG_WARN_SUSPICIOUS_MOVE = YES;
				CLANG_WARN_UNGUARDED_AVAILABILITY = YES_AGGRESSIVE;
				CLANG_WARN_UNREACHABLE_CODE = YES;
				CLANG_WARN__DUPLICATE_METHOD_MATCH = YES;
				COPY_PHASE_STRIP = NO;
				DEBUG_INFORMATION_FORMAT = dwarf;
				ENABLE_STRICT_OBJC_MSGSEND = YES;
				ENABLE_TESTABILITY = YES;
				GCC_C_LANGUAGE_STANDARD = gnu11;
				GCC_DYNAMIC_NO_PIC = NO;
				GCC_NO_COMMON_BLOCKS = YES;
				GCC_OPTIMIZATION_LEVEL = 0;
				GCC_PREPROCESSOR_DEFINITIONS = (
					"DEBUG=1",
					"$(inherited)",
				);
				GCC_WARN_64_TO_32_BIT_CONVERSION = YES;
				GCC_WARN_ABOUT_RETURN_TYPE = YES_ERROR;
				GCC_WARN_UNDECLARED_SELECTOR = YES;
				GCC_WARN_UNINITIALIZED_AUTOS = YES_AGGRESSIVE;
				GCC_WARN_UNUSED_FUNCTION = YES;
				GCC_WARN_UNUSED_VARIABLE = YES;
				IPHONEOS_DEPLOYMENT_TARGET = 14.3;
				MTL_ENABLE_DEBUG_INFO = INCLUDE_SOURCE;
				MTL_FAST_MATH = YES;
				ONLY_ACTIVE_ARCH = YES;
				SDKROOT = iphoneos;
				SWIFT_ACTIVE_COMPILATION_CONDITIONS = DEBUG;
				SWIFT_OPTIMIZATION_LEVEL = "-Onone";
			};
			name = Debug;
		};
		9CEEB7F425D4D22000114871 /* Release */ = {
			isa = XCBuildConfiguration;
			buildSettings = {
				ALWAYS_SEARCH_USER_PATHS = NO;
				CLANG_ANALYZER_NONNULL = YES;
				CLANG_ANALYZER_NUMBER_OBJECT_CONVERSION = YES_AGGRESSIVE;
				CLANG_CXX_LANGUAGE_STANDARD = "gnu++14";
				CLANG_CXX_LIBRARY = "libc++";
				CLANG_ENABLE_MODULES = YES;
				CLANG_ENABLE_OBJC_ARC = YES;
				CLANG_ENABLE_OBJC_WEAK = YES;
				CLANG_WARN_BLOCK_CAPTURE_AUTORELEASING = YES;
				CLANG_WARN_BOOL_CONVERSION = YES;
				CLANG_WARN_COMMA = YES;
				CLANG_WARN_CONSTANT_CONVERSION = YES;
				CLANG_WARN_DEPRECATED_OBJC_IMPLEMENTATIONS = YES;
				CLANG_WARN_DIRECT_OBJC_ISA_USAGE = YES_ERROR;
				CLANG_WARN_DOCUMENTATION_COMMENTS = YES;
				CLANG_WARN_EMPTY_BODY = YES;
				CLANG_WARN_ENUM_CONVERSION = YES;
				CLANG_WARN_INFINITE_RECURSION = YES;
				CLANG_WARN_INT_CONVERSION = YES;
				CLANG_WARN_NON_LITERAL_NULL_CONVERSION = YES;
				CLANG_WARN_OBJC_IMPLICIT_RETAIN_SELF = YES;
				CLANG_WARN_OBJC_LITERAL_CONVERSION = YES;
				CLANG_WARN_OBJC_ROOT_CLASS = YES_ERROR;
				CLANG_WARN_QUOTED_INCLUDE_IN_FRAMEWORK_HEADER = YES;
				CLANG_WARN_RANGE_LOOP_ANALYSIS = YES;
				CLANG_WARN_STRICT_PROTOTYPES = YES;
				CLANG_WARN_SUSPICIOUS_MOVE = YES;
				CLANG_WARN_UNGUARDED_AVAILABILITY = YES_AGGRESSIVE;
				CLANG_WARN_UNREACHABLE_CODE = YES;
				CLANG_WARN__DUPLICATE_METHOD_MATCH = YES;
				COPY_PHASE_STRIP = NO;
				DEBUG_INFORMATION_FORMAT = "dwarf-with-dsym";
				ENABLE_NS_ASSERTIONS = NO;
				ENABLE_STRICT_OBJC_MSGSEND = YES;
				GCC_C_LANGUAGE_STANDARD = gnu11;
				GCC_NO_COMMON_BLOCKS = YES;
				GCC_WARN_64_TO_32_BIT_CONVERSION = YES;
				GCC_WARN_ABOUT_RETURN_TYPE = YES_ERROR;
				GCC_WARN_UNDECLARED_SELECTOR = YES;
				GCC_WARN_UNINITIALIZED_AUTOS = YES_AGGRESSIVE;
				GCC_WARN_UNUSED_FUNCTION = YES;
				GCC_WARN_UNUSED_VARIABLE = YES;
				IPHONEOS_DEPLOYMENT_TARGET = 14.3;
				MTL_ENABLE_DEBUG_INFO = NO;
				MTL_FAST_MATH = YES;
				SDKROOT = iphoneos;
				SWIFT_COMPILATION_MODE = wholemodule;
				SWIFT_OPTIMIZATION_LEVEL = "-O";
				VALIDATE_PRODUCT = YES;
			};
			name = Release;
		};
		9CEEB7F625D4D22000114871 /* Debug */ = {
			isa = XCBuildConfiguration;
			buildSettings = {
				ASSETCATALOG_COMPILER_APPICON_NAME = AppIcon;
				ASSETCATALOG_COMPILER_GLOBAL_ACCENT_COLOR_NAME = AccentColor;
				CODE_SIGN_STYLE = Automatic;
				INFOPLIST_FILE = ins/Info.plist;
				LD_RUNPATH_SEARCH_PATHS = (
					"$(inherited)",
					"@executable_path/Frameworks",
				);
				PRODUCT_BUNDLE_IDENTIFIER = forppl.ins;
				PRODUCT_NAME = "$(TARGET_NAME)";
				SWIFT_VERSION = 5.0;
				TARGETED_DEVICE_FAMILY = "1,2";
			};
			name = Debug;
		};
		9CEEB7F725D4D22000114871 /* Release */ = {
			isa = XCBuildConfiguration;
			buildSettings = {
				ASSETCATALOG_COMPILER_APPICON_NAME = AppIcon;
				ASSETCATALOG_COMPILER_GLOBAL_ACCENT_COLOR_NAME = AccentColor;
				CODE_SIGN_STYLE = Automatic;
				INFOPLIST_FILE = ins/Info.plist;
				LD_RUNPATH_SEARCH_PATHS = (
					"$(inherited)",
					"@executable_path/Frameworks",
				);
				PRODUCT_BUNDLE_IDENTIFIER = forppl.ins;
				PRODUCT_NAME = "$(TARGET_NAME)";
				SWIFT_VERSION = 5.0;
				TARGETED_DEVICE_FAMILY = "1,2";
			};
			name = Release;
		};
		9CEEB7F925D4D22000114871 /* Debug */ = {
			isa = XCBuildConfiguration;
			buildSettings = {
				ALWAYS_EMBED_SWIFT_STANDARD_LIBRARIES = YES;
				BUNDLE_LOADER = "$(TEST_HOST)";
				CODE_SIGN_STYLE = Automatic;
				INFOPLIST_FILE = insTests/Info.plist;
				IPHONEOS_DEPLOYMENT_TARGET = 14.3;
				LD_RUNPATH_SEARCH_PATHS = (
					"$(inherited)",
					"@executable_path/Frameworks",
					"@loader_path/Frameworks",
				);
				PRODUCT_BUNDLE_IDENTIFIER = forppl.insTests;
				PRODUCT_NAME = "$(TARGET_NAME)";
				SWIFT_VERSION = 5.0;
				TARGETED_DEVICE_FAMILY = "1,2";
				TEST_HOST = "$(BUILT_PRODUCTS_DIR)/ins.app/ins";
			};
			name = Debug;
		};
		9CEEB7FA25D4D22000114871 /* Release */ = {
			isa = XCBuildConfiguration;
			buildSettings = {
				ALWAYS_EMBED_SWIFT_STANDARD_LIBRARIES = YES;
				BUNDLE_LOADER = "$(TEST_HOST)";
				CODE_SIGN_STYLE = Automatic;
				INFOPLIST_FILE = insTests/Info.plist;
				IPHONEOS_DEPLOYMENT_TARGET = 14.3;
				LD_RUNPATH_SEARCH_PATHS = (
					"$(inherited)",
					"@executable_path/Frameworks",
					"@loader_path/Frameworks",
				);
				PRODUCT_BUNDLE_IDENTIFIER = forppl.insTests;
				PRODUCT_NAME = "$(TARGET_NAME)";
				SWIFT_VERSION = 5.0;
				TARGETED_DEVICE_FAMILY = "1,2";
				TEST_HOST = "$(BUILT_PRODUCTS_DIR)/ins.app/ins";
			};
			name = Release;
		};
		9CEEB7FC25D4D22000114871 /* Debug */ = {
			isa = XCBuildConfiguration;
			buildSettings = {
				ALWAYS_EMBED_SWIFT_STANDARD_LIBRARIES = YES;
				CODE_SIGN_STYLE = Automatic;
				INFOPLIST_FILE = insUITests/Info.plist;
				LD_RUNPATH_SEARCH_PATHS = (
					"$(inherited)",
					"@executable_path/Frameworks",
					"@loader_path/Frameworks",
				);
				PRODUCT_BUNDLE_IDENTIFIER = forppl.insUITests;
				PRODUCT_NAME = "$(TARGET_NAME)";
				SWIFT_VERSION = 5.0;
				TARGETED_DEVICE_FAMILY = "1,2";
				TEST_TARGET_NAME = ins;
			};
			name = Debug;
		};
		9CEEB7FD25D4D22000114871 /* Release */ = {
			isa = XCBuildConfiguration;
			buildSettings = {
				ALWAYS_EMBED_SWIFT_STANDARD_LIBRARIES = YES;
				CODE_SIGN_STYLE = Automatic;
				INFOPLIST_FILE = insUITests/Info.plist;
				LD_RUNPATH_SEARCH_PATHS = (
					"$(inherited)",
					"@executable_path/Frameworks",
					"@loader_path/Frameworks",
				);
				PRODUCT_BUNDLE_IDENTIFIER = forppl.insUITests;
				PRODUCT_NAME = "$(TARGET_NAME)";
				SWIFT_VERSION = 5.0;
				TARGETED_DEVICE_FAMILY = "1,2";
				TEST_TARGET_NAME = ins;
			};
			name = Release;
		};
/* End XCBuildConfiguration section */

/* Begin XCConfigurationList section */
		9CEEB7C625D4D21E00114871 /* Build configuration list for PBXProject "ins" */ = {
			isa = XCConfigurationList;
			buildConfigurations = (
				9CEEB7F325D4D22000114871 /* Debug */,
				9CEEB7F425D4D22000114871 /* Release */,
			);
			defaultConfigurationIsVisible = 0;
			defaultConfigurationName = Release;
		};
		9CEEB7F525D4D22000114871 /* Build configuration list for PBXNativeTarget "ins" */ = {
			isa = XCConfigurationList;
			buildConfigurations = (
				9CEEB7F625D4D22000114871 /* Debug */,
				9CEEB7F725D4D22000114871 /* Release */,
			);
			defaultConfigurationIsVisible = 0;
			defaultConfigurationName = Release;
		};
		9CEEB7F825D4D22000114871 /* Build configuration list for PBXNativeTarget "insTests" */ = {
			isa = XCConfigurationList;
			buildConfigurations = (
				9CEEB7F925D4D22000114871 /* Debug */,
				9CEEB7FA25D4D22000114871 /* Release */,
			);
			defaultConfigurationIsVisible = 0;
			defaultConfigurationName = Release;
		};
		9CEEB7FB25D4D22000114871 /* Build configuration list for PBXNativeTarget "insUITests" */ = {
			isa = XCConfigurationList;
			buildConfigurations = (
				9CEEB7FC25D4D22000114871 /* Debug */,
				9CEEB7FD25D4D22000114871 /* Release */,
			);
			defaultConfigurationIsVisible = 0;
			defaultConfigurationName = Release;
		};
/* End XCConfigurationList section */
	};
	rootObject = 9CEEB7C325D4D21E00114871 /* Project object */;
}
